
Microsoft Visual Studio Solution File, Format Version 12.00
# Visual Studio Express 2012 for Windows Desktop
Project("{8BC9CEB8-8B4A-11D0-8D11-00A0C91BC942}") = "8 pole chudes", "8 pole chudes\8 pole chudes.vcxproj", "{21E5715B-C205-4934-AB23-CBE2F6181E6C}"
EndProject
Global
	GlobalSection(SolutionConfigurationPlatforms) = preSolution
		Debug|Win32 = Debug|Win32
		Release|Win32 = Release|Win32
	EndGlobalSection
	GlobalSection(ProjectConfigurationPlatforms) = postSolution
		{21E5715B-C205-4934-AB23-CBE2F6181E6C}.Debug|Win32.ActiveCfg = Debug|Win32
		{21E5715B-C205-4934-AB23-CBE2F6181E6C}.Debug|Win32.Build.0 = Debug|Win32
		{21E5715B-C205-4934-AB23-CBE2F6181E6C}.Release|Win32.ActiveCfg = Release|Win32
		{21E5715B-C205-4934-AB23-CBE2F6181E6C}.Release|Win32.Build.0 = Release|Win32
	EndGlobalSection
	GlobalSection(SolutionProperties) = preSolution
		HideSolutionNode = FALSE
	EndGlobalSection
EndGlobal
